
Microsoft Visual Studio Solution File, Format Version 12.00
# Visual Studio Version 17
VisualStudioVersion = 17.13.35825.156 d17.13
MinimumVisualStudioVersion = 10.0.40219.1
Project("{FAE04EC0-301F-11D3-BF4B-00C04F79EFBC}") = "Hospital", "Hospital\Hospital.csproj", "{3E588294-EBF9-4D84-84CF-5259ACA7DC7F}"
EndProject
Global
	GlobalSection(SolutionConfigurationPlatforms) = preSolution
		Debug|Any CPU = Debug|Any CPU
		Release|Any CPU = Release|Any CPU
	EndGlobalSection
	GlobalSection(ProjectConfigurationPlatforms) = postSolution
		{3E588294-EBF9-4D84-84CF-5259ACA7DC7F}.Debug|Any CPU.ActiveCfg = Debug|Any CPU
		{3E588294-EBF9-4D84-84CF-5259ACA7DC7F}.Debug|Any CPU.Build.0 = Debug|Any CPU
		{3E588294-EBF9-4D84-84CF-5259ACA7DC7F}.Release|Any CPU.ActiveCfg = Release|Any CPU
		{3E588294-EBF9-4D84-84CF-5259ACA7DC7F}.Release|Any CPU.Build.0 = Release|Any CPU
	EndGlobalSection
	GlobalSection(SolutionProperties) = preSolution
		HideSolutionNode = FALSE
	EndGlobalSection
	GlobalSection(ExtensibilityGlobals) = postSolution
		SolutionGuid = {2D2EFC2A-E851-4721-8509-BD9C848C0988}
	EndGlobalSection
EndGlobal
